{
  "name": "simple-cli",
  "version": "1.0.0",
  "lockfileVersion": 2,
  "requires": true,
  "packages": {
    "": {
      "version": "1.0.0",
      "license": "ISC",
      "dependencies": {
        "byte-size": "^8.0.0",
        "check-disk-space": "^3.0.1"
      }
    },
    "node_modules/byte-size": {
      "version": "8.0.0",
      "resolved": "https://registry.npmjs.org/byte-size/-/byte-size-8.0.0.tgz",
      "integrity": "sha512-W9nozFNCma06nuwM+s/r3gP3sX3++QQm8qNQf3Gch2In1vZpDNpT3lEg73i18H1E9d0750/HXP52n/gbg8DNZw==",
      "engines": {
        "node": ">=14"
      }
    },
    "node_modules/check-disk-space": {
      "version": "3.0.1",
      "resolved": "https://registry.npmjs.org/check-disk-space/-/check-disk-space-3.0.1.tgz",
      "integrity": "sha512-wRG5ZihEZUXAKVCio5YkLgrHsHDrD+GjRBjxJvoJvN9wrze7EdvYGnOYJSsCyZ4b40jBa3lDmWDmESY9QDQGcg==",
      "engines": {
        "node": ">=12"
      }
    }
  },
  "dependencies": {
    "byte-size": {
      "version": "8.0.0",
      "resolved": "https://registry.npmjs.org/byte-size/-/byte-size-8.0.0.tgz",
      "integrity": "sha512-W9nozFNCma06nuwM+s/r3gP3sX3++QQm8qNQf3Gch2In1vZpDNpT3lEg73i18H1E9d0750/HXP52n/gbg8DNZw=="
    },
    "check-disk-space": {
      "version": "3.0.1",
      "resolved": "https://registry.npmjs.org/check-disk-space/-/check-disk-space-3.0.1.tgz",
      "integrity": "sha512-wRG5ZihEZUXAKVCio5YkLgrHsHDrD+GjRBjxJvoJvN9wrze7EdvYGnOYJSsCyZ4b40jBa3lDmWDmESY9QDQGcg=="
    }
  }
}
